
Microsoft Visual Studio Solution File, Format Version 12.00
# Visual Studio 15
VisualStudioVersion = 15.0.26124.0
MinimumVisualStudioVersion = 15.0.26124.0
Project("{FAE04EC0-301F-11D3-BF4B-00C04F79EFBC}") = "TestCommon", "..\TestCommon\TestCommon.csproj", "{EC34AFC9-0E52-401F-AC29-7BBBCA16D148}"
EndProject
Project("{FAE04EC0-301F-11D3-BF4B-00C04F79EFBC}") = "A5", "A5\A5.csproj", "{7A5F5179-59C7-4E25-A589-8DEB78C5F6C0}"
EndProject
Project("{FAE04EC0-301F-11D3-BF4B-00C04F79EFBC}") = "A5.Tests", "A5.Tests\A5.Tests.csproj", "{669D6F07-E1FC-421B-8519-9B2FDD4810C2}"
EndProject
Global
	GlobalSection(SolutionConfigurationPlatforms) = preSolution
		Debug|Any CPU = Debug|Any CPU
		Debug|x64 = Debug|x64
		Debug|x86 = Debug|x86
		Release|Any CPU = Release|Any CPU
		Release|x64 = Release|x64
		Release|x86 = Release|x86
	EndGlobalSection
	GlobalSection(SolutionProperties) = preSolution
		HideSolutionNode = FALSE
	EndGlobalSection
	GlobalSection(ProjectConfigurationPlatforms) = postSolution
		{EC34AFC9-0E52-401F-AC29-7BBBCA16D148}.Debug|Any CPU.ActiveCfg = Debug|Any CPU
		{EC34AFC9-0E52-401F-AC29-7BBBCA16D148}.Debug|Any CPU.Build.0 = Debug|Any CPU
		{EC34AFC9-0E52-401F-AC29-7BBBCA16D148}.Debug|x64.ActiveCfg = Debug|Any CPU
		{EC34AFC9-0E52-401F-AC29-7BBBCA16D148}.Debug|x64.Build.0 = Debug|Any CPU
		{EC34AFC9-0E52-401F-AC29-7BBBCA16D148}.Debug|x86.ActiveCfg = Debug|Any CPU
		{EC34AFC9-0E52-401F-AC29-7BBBCA16D148}.Debug|x86.Build.0 = Debug|Any CPU
		{EC34AFC9-0E52-401F-AC29-7BBBCA16D148}.Release|Any CPU.ActiveCfg = Release|Any CPU
		{EC34AFC9-0E52-401F-AC29-7BBBCA16D148}.Release|Any CPU.Build.0 = Release|Any CPU
		{EC34AFC9-0E52-401F-AC29-7BBBCA16D148}.Release|x64.ActiveCfg = Release|Any CPU
		{EC34AFC9-0E52-401F-AC29-7BBBCA16D148}.Release|x64.Build.0 = Release|Any CPU
		{EC34AFC9-0E52-401F-AC29-7BBBCA16D148}.Release|x86.ActiveCfg = Release|Any CPU
		{EC34AFC9-0E52-401F-AC29-7BBBCA16D148}.Release|x86.Build.0 = Release|Any CPU
		{7A5F5179-59C7-4E25-A589-8DEB78C5F6C0}.Debug|Any CPU.ActiveCfg = Debug|Any CPU
		{7A5F5179-59C7-4E25-A589-8DEB78C5F6C0}.Debug|Any CPU.Build.0 = Debug|Any CPU
		{7A5F5179-59C7-4E25-A589-8DEB78C5F6C0}.Debug|x64.ActiveCfg = Debug|Any CPU
		{7A5F5179-59C7-4E25-A589-8DEB78C5F6C0}.Debug|x64.Build.0 = Debug|Any CPU
		{7A5F5179-59C7-4E25-A589-8DEB78C5F6C0}.Debug|x86.ActiveCfg = Debug|Any CPU
		{7A5F5179-59C7-4E25-A589-8DEB78C5F6C0}.Debug|x86.Build.0 = Debug|Any CPU
		{7A5F5179-59C7-4E25-A589-8DEB78C5F6C0}.Release|Any CPU.ActiveCfg = Release|Any CPU
		{7A5F5179-59C7-4E25-A589-8DEB78C5F6C0}.Release|Any CPU.Build.0 = Release|Any CPU
		{7A5F5179-59C7-4E25-A589-8DEB78C5F6C0}.Release|x64.ActiveCfg = Release|Any CPU
		{7A5F5179-59C7-4E25-A589-8DEB78C5F6C0}.Release|x64.Build.0 = Release|Any CPU
		{7A5F5179-59C7-4E25-A589-8DEB78C5F6C0}.Release|x86.ActiveCfg = Release|Any CPU
		{7A5F5179-59C7-4E25-A589-8DEB78C5F6C0}.Release|x86.Build.0 = Release|Any CPU
		{669D6F07-E1FC-421B-8519-9B2FDD4810C2}.Debug|Any CPU.ActiveCfg = Debug|Any CPU
		{669D6F07-E1FC-421B-8519-9B2FDD4810C2}.Debug|Any CPU.Build.0 = Debug|Any CPU
		{669D6F07-E1FC-421B-8519-9B2FDD4810C2}.Debug|x64.ActiveCfg = Debug|Any CPU
		{669D6F07-E1FC-421B-8519-9B2FDD4810C2}.Debug|x64.Build.0 = Debug|Any CPU
		{669D6F07-E1FC-421B-8519-9B2FDD4810C2}.Debug|x86.ActiveCfg = Debug|Any CPU
		{669D6F07-E1FC-421B-8519-9B2FDD4810C2}.Debug|x86.Build.0 = Debug|Any CPU
		{669D6F07-E1FC-421B-8519-9B2FDD4810C2}.Release|Any CPU.ActiveCfg = Release|Any CPU
		{669D6F07-E1FC-421B-8519-9B2FDD4810C2}.Release|Any CPU.Build.0 = Release|Any CPU
		{669D6F07-E1FC-421B-8519-9B2FDD4810C2}.Release|x64.ActiveCfg = Release|Any CPU
		{669D6F07-E1FC-421B-8519-9B2FDD4810C2}.Release|x64.Build.0 = Release|Any CPU
		{669D6F07-E1FC-421B-8519-9B2FDD4810C2}.Release|x86.ActiveCfg = Release|Any CPU
		{669D6F07-E1FC-421B-8519-9B2FDD4810C2}.Release|x86.Build.0 = Release|Any CPU
	EndGlobalSection
EndGlobal
