
Microsoft Visual Studio Solution File, Format Version 12.00
# Visual Studio 15
VisualStudioVersion = 15.0.26124.0
MinimumVisualStudioVersion = 15.0.26124.0
Project("{FAE04EC0-301F-11D3-BF4B-00C04F79EFBC}") = "TestCommon", "..\TestCommon\TestCommon.csproj", "{74DC9D41-2CCC-4E19-9B6C-61E2E42706C3}"
EndProject
Project("{FAE04EC0-301F-11D3-BF4B-00C04F79EFBC}") = "A3", "A3\A3.csproj", "{9CDE753B-5ED7-4CE1-909A-5B3FE4984FCC}"
EndProject
Project("{FAE04EC0-301F-11D3-BF4B-00C04F79EFBC}") = "A3.Tests", "A3.Tests\A3.Tests.csproj", "{87902C7F-224E-4454-8C11-CC8C47622B12}"
EndProject
Global
	GlobalSection(SolutionConfigurationPlatforms) = preSolution
		Debug|Any CPU = Debug|Any CPU
		Debug|x64 = Debug|x64
		Debug|x86 = Debug|x86
		Release|Any CPU = Release|Any CPU
		Release|x64 = Release|x64
		Release|x86 = Release|x86
	EndGlobalSection
	GlobalSection(SolutionProperties) = preSolution
		HideSolutionNode = FALSE
	EndGlobalSection
	GlobalSection(ProjectConfigurationPlatforms) = postSolution
		{74DC9D41-2CCC-4E19-9B6C-61E2E42706C3}.Debug|Any CPU.ActiveCfg = Debug|Any CPU
		{74DC9D41-2CCC-4E19-9B6C-61E2E42706C3}.Debug|Any CPU.Build.0 = Debug|Any CPU
		{74DC9D41-2CCC-4E19-9B6C-61E2E42706C3}.Debug|x64.ActiveCfg = Debug|Any CPU
		{74DC9D41-2CCC-4E19-9B6C-61E2E42706C3}.Debug|x64.Build.0 = Debug|Any CPU
		{74DC9D41-2CCC-4E19-9B6C-61E2E42706C3}.Debug|x86.ActiveCfg = Debug|Any CPU
		{74DC9D41-2CCC-4E19-9B6C-61E2E42706C3}.Debug|x86.Build.0 = Debug|Any CPU
		{74DC9D41-2CCC-4E19-9B6C-61E2E42706C3}.Release|Any CPU.ActiveCfg = Release|Any CPU
		{74DC9D41-2CCC-4E19-9B6C-61E2E42706C3}.Release|Any CPU.Build.0 = Release|Any CPU
		{74DC9D41-2CCC-4E19-9B6C-61E2E42706C3}.Release|x64.ActiveCfg = Release|Any CPU
		{74DC9D41-2CCC-4E19-9B6C-61E2E42706C3}.Release|x64.Build.0 = Release|Any CPU
		{74DC9D41-2CCC-4E19-9B6C-61E2E42706C3}.Release|x86.ActiveCfg = Release|Any CPU
		{74DC9D41-2CCC-4E19-9B6C-61E2E42706C3}.Release|x86.Build.0 = Release|Any CPU
		{9CDE753B-5ED7-4CE1-909A-5B3FE4984FCC}.Debug|Any CPU.ActiveCfg = Debug|Any CPU
		{9CDE753B-5ED7-4CE1-909A-5B3FE4984FCC}.Debug|Any CPU.Build.0 = Debug|Any CPU
		{9CDE753B-5ED7-4CE1-909A-5B3FE4984FCC}.Debug|x64.ActiveCfg = Debug|Any CPU
		{9CDE753B-5ED7-4CE1-909A-5B3FE4984FCC}.Debug|x64.Build.0 = Debug|Any CPU
		{9CDE753B-5ED7-4CE1-909A-5B3FE4984FCC}.Debug|x86.ActiveCfg = Debug|Any CPU
		{9CDE753B-5ED7-4CE1-909A-5B3FE4984FCC}.Debug|x86.Build.0 = Debug|Any CPU
		{9CDE753B-5ED7-4CE1-909A-5B3FE4984FCC}.Release|Any CPU.ActiveCfg = Release|Any CPU
		{9CDE753B-5ED7-4CE1-909A-5B3FE4984FCC}.Release|Any CPU.Build.0 = Release|Any CPU
		{9CDE753B-5ED7-4CE1-909A-5B3FE4984FCC}.Release|x64.ActiveCfg = Release|Any CPU
		{9CDE753B-5ED7-4CE1-909A-5B3FE4984FCC}.Release|x64.Build.0 = Release|Any CPU
		{9CDE753B-5ED7-4CE1-909A-5B3FE4984FCC}.Release|x86.ActiveCfg = Release|Any CPU
		{9CDE753B-5ED7-4CE1-909A-5B3FE4984FCC}.Release|x86.Build.0 = Release|Any CPU
		{87902C7F-224E-4454-8C11-CC8C47622B12}.Debug|Any CPU.ActiveCfg = Debug|Any CPU
		{87902C7F-224E-4454-8C11-CC8C47622B12}.Debug|Any CPU.Build.0 = Debug|Any CPU
		{87902C7F-224E-4454-8C11-CC8C47622B12}.Debug|x64.ActiveCfg = Debug|Any CPU
		{87902C7F-224E-4454-8C11-CC8C47622B12}.Debug|x64.Build.0 = Debug|Any CPU
		{87902C7F-224E-4454-8C11-CC8C47622B12}.Debug|x86.ActiveCfg = Debug|Any CPU
		{87902C7F-224E-4454-8C11-CC8C47622B12}.Debug|x86.Build.0 = Debug|Any CPU
		{87902C7F-224E-4454-8C11-CC8C47622B12}.Release|Any CPU.ActiveCfg = Release|Any CPU
		{87902C7F-224E-4454-8C11-CC8C47622B12}.Release|Any CPU.Build.0 = Release|Any CPU
		{87902C7F-224E-4454-8C11-CC8C47622B12}.Release|x64.ActiveCfg = Release|Any CPU
		{87902C7F-224E-4454-8C11-CC8C47622B12}.Release|x64.Build.0 = Release|Any CPU
		{87902C7F-224E-4454-8C11-CC8C47622B12}.Release|x86.ActiveCfg = Release|Any CPU
		{87902C7F-224E-4454-8C11-CC8C47622B12}.Release|x86.Build.0 = Release|Any CPU
	EndGlobalSection
EndGlobal
